{
  "name": "aula24do11de2025",
  "version": "1.0.0",
  "lockfileVersion": 3,
  "requires": true,
  "packages": {
    "": {
      "name": "aula24do11de2025",
      "version": "1.0.0",
      "license": "ISC",
      "dependencies": {
        "date-names": "^0.1.13"
      }
    },
    "node_modules/date-names": {
      "version": "0.1.13",
      "resolved": "https://registry.npmjs.org/date-names/-/date-names-0.1.13.tgz",
      "integrity": "sha512-IxxoeD9tdx8pXVcmqaRlPvrXIsSrSrIZzfzlOkm9u+hyzKp5Wk/odt9O/gd7Ockzy8n/WHeEpTVJ2bF3mMV4LA==",
      "license": "MIT"
    }
  }
}
